# This file is automatically @generated by Poetry 1.5.1 and should not be changed by hand.

[[package]]
name = "azure-cognitiveservices-speech"
version = "1.30.0"
description = "Microsoft Cognitive Services Speech SDK for Python"
optional = false
python-versions = ">=3.7"
files = [
    {file = "azure_cognitiveservices_speech-1.30.0-py3-none-macosx_10_14_x86_64.whl", hash = "sha256:1d6ab8b6dd50675644e62fd08e6a4dc26a3da9176f9801d9b987a43539acdee0"},
    {file = "azure_cognitiveservices_speech-1.30.0-py3-none-macosx_11_0_arm64.whl", hash = "sha256:6380074fbc29d5f7ec9d7fe6f5de57628d672381e810860c0904936cad90d59d"},
    {file = "azure_cognitiveservices_speech-1.30.0-py3-none-manylinux1_x86_64.whl", hash = "sha256:120820e54519e50fe9ea4677df0ae3cc39ef432eed9450163238d84e4b2c5b65"},
    {file = "azure_cognitiveservices_speech-1.30.0-py3-none-manylinux2014_aarch64.whl", hash = "sha256:e5ea3af227fd84049f6fe9f42439c615678ee5fe82f14badde33e4bbc0fab019"},
    {file = "azure_cognitiveservices_speech-1.30.0-py3-none-win32.whl", hash = "sha256:b1c1c3d480a7f30d1999718d765ebb2e1ea85535637b4d5f24c01af903701991"},
    {file = "azure_cognitiveservices_speech-1.30.0-py3-none-win_amd64.whl", hash = "sha256:317ca6042dc15a29b2d024e1e76010f4a61cdf2c049bc543d84a08353c35d950"},
]

[metadata]
lock-version = "2.0"
python-versions = "^3.11"
content-hash = "fd3b3d65246663b7c79ffde55000db47756e17a2ba2c8e3c74a046af679d3466"
